// !$*UTF8*$!
{
	archiveVersion = 1;
	classes = {
	};
	objectVersion = 50;
	objects = {

/* Begin PBXBuildFile section */
		E2AF19B221F994A400FC7A55 /* Main.storyboard in Resources */ = {isa = PBXBuildFile; fileRef = E2AF19B021F994A400FC7A55 /* Main.storyboard */; };
		E2AF19B421F994A600FC7A55 /* Assets.xcassets in Resources */ = {isa = PBXBuildFile; fileRef = E2AF19B321F994A600FC7A55 /* Assets.xcassets */; };
		E2AF19B721F994A600FC7A55 /* LaunchScreen.storyboard in Resources */ = {isa = PBXBuildFile; fileRef = E2AF19B521F994A600FC7A55 /* LaunchScreen.storyboard */; };
		E2AF19BA21F994A600FC7A55 /* main.m in Sources */ = {isa = PBXBuildFile; fileRef = E2AF19B921F994A600FC7A55 /* main.m */; };
		E2AF19C421F994A600FC7A55 /* JKDownLoaderTests.m in Sources */ = {isa = PBXBuildFile; fileRef = E2AF19C321F994A600FC7A55 /* JKDownLoaderTests.m */; };
		E2AF19CF21F994A600FC7A55 /* JKDownLoaderUITests.m in Sources */ = {isa = PBXBuildFile; fileRef = E2AF19CE21F994A600FC7A55 /* JKDownLoaderUITests.m */; };
		E2AF19F421F9950500FC7A55 /* JKDownloadFileListViewController.m in Sources */ = {isa = PBXBuildFile; fileRef = E2AF19DD21F9950400FC7A55 /* JKDownloadFileListViewController.m */; };
		E2AF19F521F9950500FC7A55 /* AppDelegate.m in Sources */ = {isa = PBXBuildFile; fileRef = E2AF19DE21F9950400FC7A55 /* AppDelegate.m */; };
		E2AF19F621F9950500FC7A55 /* JKDownloadMuchViewController.m in Sources */ = {isa = PBXBuildFile; fileRef = E2AF19DF21F9950400FC7A55 /* JKDownloadMuchViewController.m */; };
		E2AF19F721F9950500FC7A55 /* JKDownloadSingleViewController.m in Sources */ = {isa = PBXBuildFile; fileRef = E2AF19E021F9950400FC7A55 /* JKDownloadSingleViewController.m */; };
		E2AF19F821F9950500FC7A55 /* JKFilePathExtension.m in Sources */ = {isa = PBXBuildFile; fileRef = E2AF19E321F9950400FC7A55 /* JKFilePathExtension.m */; };
		E2AF19F921F9950500FC7A55 /* JKFilePathOperationExtension.m in Sources */ = {isa = PBXBuildFile; fileRef = E2AF19E421F9950400FC7A55 /* JKFilePathOperationExtension.m */; };
		E2AF19FA21F9950500FC7A55 /* JKDownloaderManger.m in Sources */ = {isa = PBXBuildFile; fileRef = E2AF19E721F9950400FC7A55 /* JKDownloaderManger.m */; };
		E2AF19FB21F9950500FC7A55 /* JKDownLoader.m in Sources */ = {isa = PBXBuildFile; fileRef = E2AF19EB21F9950400FC7A55 /* JKDownLoader.m */; };
		E2AF19FC21F9950500FC7A55 /* UIImage+JKScaleVideoImage.m in Sources */ = {isa = PBXBuildFile; fileRef = E2AF19EC21F9950400FC7A55 /* UIImage+JKScaleVideoImage.m */; };
		E2AF19FD21F9950500FC7A55 /* Foundation+Log.m in Sources */ = {isa = PBXBuildFile; fileRef = E2AF19F121F9950500FC7A55 /* Foundation+Log.m */; };
		E2AF19FE21F9950500FC7A55 /* ViewController.m in Sources */ = {isa = PBXBuildFile; fileRef = E2AF19F221F9950500FC7A55 /* ViewController.m */; };
		E2AF1A0121F995C000FC7A55 /* JKVideoListsViewController.m in Sources */ = {isa = PBXBuildFile; fileRef = E2AF1A0021F995C000FC7A55 /* JKVideoListsViewController.m */; };
/* End PBXBuildFile section */

/* Begin PBXContainerItemProxy section */
		E2AF19C021F994A600FC7A55 /* PBXContainerItemProxy */ = {
			isa = PBXContainerItemProxy;
			containerPortal = E2AF199F21F994A400FC7A55 /* Project object */;
			proxyType = 1;
			remoteGlobalIDString = E2AF19A621F994A400FC7A55;
			remoteInfo = JKDownLoader;
		};
		E2AF19CB21F994A600FC7A55 /* PBXContainerItemProxy */ = {
			isa = PBXContainerItemProxy;
			containerPortal = E2AF199F21F994A400FC7A55 /* Project object */;
			proxyType = 1;
			remoteGlobalIDString = E2AF19A621F994A400FC7A55;
			remoteInfo = JKDownLoader;
		};
/* End PBXContainerItemProxy section */

/* Begin PBXFileReference section */
		E2AF19A721F994A400FC7A55 /* JKDownLoader.app */ = {isa = PBXFileReference; explicitFileType = wrapper.application; includeInIndex = 0; path = JKDownLoader.app; sourceTree = BUILT_PRODUCTS_DIR; };
		E2AF19B121F994A400FC7A55 /* Base */ = {isa = PBXFileReference; lastKnownFileType = file.storyboard; name = Base; path = Base.lproj/Main.storyboard; sourceTree = "<group>"; };
		E2AF19B321F994A600FC7A55 /* Assets.xcassets */ = {isa = PBXFileReference; lastKnownFileType = folder.assetcatalog; path = Assets.xcassets; sourceTree = "<group>"; };
		E2AF19B621F994A600FC7A55 /* Base */ = {isa = PBXFileReference; lastKnownFileType = file.storyboard; name = Base; path = Base.lproj/LaunchScreen.storyboard; sourceTree = "<group>"; };
		E2AF19B821F994A600FC7A55 /* Info.plist */ = {isa = PBXFileReference; lastKnownFileType = text.plist.xml; path = Info.plist; sourceTree = "<group>"; };
		E2AF19B921F994A600FC7A55 /* main.m */ = {isa = PBXFileReference; lastKnownFileType = sourcecode.c.objc; path = main.m; sourceTree = "<group>"; };
		E2AF19BF21F994A600FC7A55 /* JKDownLoaderTests.xctest */ = {isa = PBXFileReference; explicitFileType = wrapper.cfbundle; includeInIndex = 0; path = JKDownLoaderTests.xctest; sourceTree = BUILT_PRODUCTS_DIR; };
		E2AF19C321F994A600FC7A55 /* JKDownLoaderTests.m */ = {isa = PBXFileReference; lastKnownFileType = sourcecode.c.objc; path = JKDownLoaderTests.m; sourceTree = "<group>"; };
		E2AF19C521F994A600FC7A55 /* Info.plist */ = {isa = PBXFileReference; lastKnownFileType = text.plist.xml; path = Info.plist; sourceTree = "<group>"; };
		E2AF19CA21F994A600FC7A55 /* JKDownLoaderUITests.xctest */ = {isa = PBXFileReference; explicitFileType = wrapper.cfbundle; includeInIndex = 0; path = JKDownLoaderUITests.xctest; sourceTree = BUILT_PRODUCTS_DIR; };
		E2AF19CE21F994A600FC7A55 /* JKDownLoaderUITests.m */ = {isa = PBXFileReference; lastKnownFileType = sourcecode.c.objc; path = JKDownLoaderUITests.m; sourceTree = "<group>"; };
		E2AF19D021F994A600FC7A55 /* Info.plist */ = {isa = PBXFileReference; lastKnownFileType = text.plist.xml; path = Info.plist; sourceTree = "<group>"; };
		E2AF19DC21F9950400FC7A55 /* JKDownloadMuchViewController.h */ = {isa = PBXFileReference; fileEncoding = 4; lastKnownFileType = sourcecode.c.h; path = JKDownloadMuchViewController.h; sourceTree = "<group>"; };
		E2AF19DD21F9950400FC7A55 /* JKDownloadFileListViewController.m */ = {isa = PBXFileReference; fileEncoding = 4; lastKnownFileType = sourcecode.c.objc; path = JKDownloadFileListViewController.m; sourceTree = "<group>"; };
		E2AF19DE21F9950400FC7A55 /* AppDelegate.m */ = {isa = PBXFileReference; fileEncoding = 4; lastKnownFileType = sourcecode.c.objc; path = AppDelegate.m; sourceTree = "<group>"; };
		E2AF19DF21F9950400FC7A55 /* JKDownloadMuchViewController.m */ = {isa = PBXFileReference; fileEncoding = 4; lastKnownFileType = sourcecode.c.objc; path = JKDownloadMuchViewController.m; sourceTree = "<group>"; };
		E2AF19E021F9950400FC7A55 /* JKDownloadSingleViewController.m */ = {isa = PBXFileReference; fileEncoding = 4; lastKnownFileType = sourcecode.c.objc; path = JKDownloadSingleViewController.m; sourceTree = "<group>"; };
		E2AF19E221F9950400FC7A55 /* JKFilePathOperationExtension.h */ = {isa = PBXFileReference; fileEncoding = 4; lastKnownFileType = sourcecode.c.h; path = JKFilePathOperationExtension.h; sourceTree = "<group>"; };
		E2AF19E321F9950400FC7A55 /* JKFilePathExtension.m */ = {isa = PBXFileReference; fileEncoding = 4; lastKnownFileType = sourcecode.c.objc; path = JKFilePathExtension.m; sourceTree = "<group>"; };
		E2AF19E421F9950400FC7A55 /* JKFilePathOperationExtension.m */ = {isa = PBXFileReference; fileEncoding = 4; lastKnownFileType = sourcecode.c.objc; path = JKFilePathOperationExtension.m; sourceTree = "<group>"; };
		E2AF19E521F9950400FC7A55 /* JKFilePathExtension.h */ = {isa = PBXFileReference; fileEncoding = 4; lastKnownFileType = sourcecode.c.h; path = JKFilePathExtension.h; sourceTree = "<group>"; };
		E2AF19E721F9950400FC7A55 /* JKDownloaderManger.m */ = {isa = PBXFileReference; fileEncoding = 4; lastKnownFileType = sourcecode.c.objc; path = JKDownloaderManger.m; sourceTree = "<group>"; };
		E2AF19E821F9950400FC7A55 /* UIImage+JKScaleVideoImage.h */ = {isa = PBXFileReference; fileEncoding = 4; lastKnownFileType = sourcecode.c.h; path = "UIImage+JKScaleVideoImage.h"; sourceTree = "<group>"; };
		E2AF19E921F9950400FC7A55 /* JKDownLoader.h */ = {isa = PBXFileReference; fileEncoding = 4; lastKnownFileType = sourcecode.c.h; path = JKDownLoader.h; sourceTree = "<group>"; };
		E2AF19EA21F9950400FC7A55 /* JKDownloaderManger.h */ = {isa = PBXFileReference; fileEncoding = 4; lastKnownFileType = sourcecode.c.h; path = JKDownloaderManger.h; sourceTree = "<group>"; };
		E2AF19EB21F9950400FC7A55 /* JKDownLoader.m */ = {isa = PBXFileReference; fileEncoding = 4; lastKnownFileType = sourcecode.c.objc; path = JKDownLoader.m; sourceTree = "<group>"; };
		E2AF19EC21F9950400FC7A55 /* UIImage+JKScaleVideoImage.m */ = {isa = PBXFileReference; fileEncoding = 4; lastKnownFileType = sourcecode.c.objc; path = "UIImage+JKScaleVideoImage.m"; sourceTree = "<group>"; };
		E2AF19ED21F9950400FC7A55 /* JKDown.h */ = {isa = PBXFileReference; fileEncoding = 4; lastKnownFileType = sourcecode.c.h; path = JKDown.h; sourceTree = "<group>"; };
		E2AF19EE21F9950400FC7A55 /* JKDownloadFileListViewController.h */ = {isa = PBXFileReference; fileEncoding = 4; lastKnownFileType = sourcecode.c.h; path = JKDownloadFileListViewController.h; sourceTree = "<group>"; };
		E2AF19EF21F9950400FC7A55 /* JKDownloadSingleViewController.h */ = {isa = PBXFileReference; fileEncoding = 4; lastKnownFileType = sourcecode.c.h; path = JKDownloadSingleViewController.h; sourceTree = "<group>"; };
		E2AF19F021F9950500FC7A55 /* AppDelegate.h */ = {isa = PBXFileReference; fileEncoding = 4; lastKnownFileType = sourcecode.c.h; path = AppDelegate.h; sourceTree = "<group>"; };
		E2AF19F121F9950500FC7A55 /* Foundation+Log.m */ = {isa = PBXFileReference; fileEncoding = 4; lastKnownFileType = sourcecode.c.objc; path = "Foundation+Log.m"; sourceTree = "<group>"; };
		E2AF19F221F9950500FC7A55 /* ViewController.m */ = {isa = PBXFileReference; fileEncoding = 4; lastKnownFileType = sourcecode.c.objc; path = ViewController.m; sourceTree = "<group>"; };
		E2AF19F321F9950500FC7A55 /* ViewController.h */ = {isa = PBXFileReference; fileEncoding = 4; lastKnownFileType = sourcecode.c.h; path = ViewController.h; sourceTree = "<group>"; };
		E2AF19FF21F995C000FC7A55 /* JKVideoListsViewController.h */ = {isa = PBXFileReference; lastKnownFileType = sourcecode.c.h; path = JKVideoListsViewController.h; sourceTree = "<group>"; };
		E2AF1A0021F995C000FC7A55 /* JKVideoListsViewController.m */ = {isa = PBXFileReference; lastKnownFileType = sourcecode.c.objc; path = JKVideoListsViewController.m; sourceTree = "<group>"; };
/* End PBXFileReference section */

/* Begin PBXFrameworksBuildPhase section */
		E2AF19A421F994A400FC7A55 /* Frameworks */ = {
			isa = PBXFrameworksBuildPhase;
			buildActionMask = 2147483647;
			files = (
			);
			runOnlyForDeploymentPostprocessing = 0;
		};
		E2AF19BC21F994A600FC7A55 /* Frameworks */ = {
			isa = PBXFrameworksBuildPhase;
			buildActionMask = 2147483647;
			files = (
			);
			runOnlyForDeploymentPostprocessing = 0;
		};
		E2AF19C721F994A600FC7A55 /* Frameworks */ = {
			isa = PBXFrameworksBuildPhase;
			buildActionMask = 2147483647;
			files = (
			);
			runOnlyForDeploymentPostprocessing = 0;
		};
/* End PBXFrameworksBuildPhase section */

/* Begin PBXGroup section */
		E2AF199E21F994A400FC7A55 = {
			isa = PBXGroup;
			children = (
				E2AF19A921F994A400FC7A55 /* JKDownLoader */,
				E2AF19C221F994A600FC7A55 /* JKDownLoaderTests */,
				E2AF19CD21F994A600FC7A55 /* JKDownLoaderUITests */,
				E2AF19A821F994A400FC7A55 /* Products */,
			);
			sourceTree = "<group>";
		};
		E2AF19A821F994A400FC7A55 /* Products */ = {
			isa = PBXGroup;
			children = (
				E2AF19A721F994A400FC7A55 /* JKDownLoader.app */,
				E2AF19BF21F994A600FC7A55 /* JKDownLoaderTests.xctest */,
				E2AF19CA21F994A600FC7A55 /* JKDownLoaderUITests.xctest */,
			);
			name = Products;
			sourceTree = "<group>";
		};
		E2AF19A921F994A400FC7A55 /* JKDownLoader */ = {
			isa = PBXGroup;
			children = (
				E2AF19F021F9950500FC7A55 /* AppDelegate.h */,
				E2AF19DE21F9950400FC7A55 /* AppDelegate.m */,
				E2AF19F321F9950500FC7A55 /* ViewController.h */,
				E2AF19F221F9950500FC7A55 /* ViewController.m */,
				E2AF19F121F9950500FC7A55 /* Foundation+Log.m */,
				E2AF19FF21F995C000FC7A55 /* JKVideoListsViewController.h */,
				E2AF1A0021F995C000FC7A55 /* JKVideoListsViewController.m */,
				E2AF19EE21F9950400FC7A55 /* JKDownloadFileListViewController.h */,
				E2AF19DD21F9950400FC7A55 /* JKDownloadFileListViewController.m */,
				E2AF19DC21F9950400FC7A55 /* JKDownloadMuchViewController.h */,
				E2AF19DF21F9950400FC7A55 /* JKDownloadMuchViewController.m */,
				E2AF19EF21F9950400FC7A55 /* JKDownloadSingleViewController.h */,
				E2AF19E021F9950400FC7A55 /* JKDownloadSingleViewController.m */,
				E2AF19E621F9950400FC7A55 /* JKDownLoader */,
				E2AF19E121F9950400FC7A55 /* JKFilePathOperation */,
				E2AF19B021F994A400FC7A55 /* Main.storyboard */,
				E2AF19B321F994A600FC7A55 /* Assets.xcassets */,
				E2AF19B521F994A600FC7A55 /* LaunchScreen.storyboard */,
				E2AF19B821F994A600FC7A55 /* Info.plist */,
				E2AF19B921F994A600FC7A55 /* main.m */,
			);
			path = JKDownLoader;
			sourceTree = "<group>";
		};
		E2AF19C221F994A600FC7A55 /* JKDownLoaderTests */ = {
			isa = PBXGroup;
			children = (
				E2AF19C321F994A600FC7A55 /* JKDownLoaderTests.m */,
				E2AF19C521F994A600FC7A55 /* Info.plist */,
			);
			path = JKDownLoaderTests;
			sourceTree = "<group>";
		};
		E2AF19CD21F994A600FC7A55 /* JKDownLoaderUITests */ = {
			isa = PBXGroup;
			children = (
				E2AF19CE21F994A600FC7A55 /* JKDownLoaderUITests.m */,
				E2AF19D021F994A600FC7A55 /* Info.plist */,
			);
			path = JKDownLoaderUITests;
			sourceTree = "<group>";
		};
		E2AF19E121F9950400FC7A55 /* JKFilePathOperation */ = {
			isa = PBXGroup;
			children = (
				E2AF19E221F9950400FC7A55 /* JKFilePathOperationExtension.h */,
				E2AF19E421F9950400FC7A55 /* JKFilePathOperationExtension.m */,
				E2AF19E521F9950400FC7A55 /* JKFilePathExtension.h */,
				E2AF19E321F9950400FC7A55 /* JKFilePathExtension.m */,
			);
			path = JKFilePathOperation;
			sourceTree = "<group>";
		};
		E2AF19E621F9950400FC7A55 /* JKDownLoader */ = {
			isa = PBXGroup;
			children = (
				E2AF19ED21F9950400FC7A55 /* JKDown.h */,
				E2AF19EA21F9950400FC7A55 /* JKDownloaderManger.h */,
				E2AF19E721F9950400FC7A55 /* JKDownloaderManger.m */,
				E2AF19E921F9950400FC7A55 /* JKDownLoader.h */,
				E2AF19EB21F9950400FC7A55 /* JKDownLoader.m */,
				E2AF19E821F9950400FC7A55 /* UIImage+JKScaleVideoImage.h */,
				E2AF19EC21F9950400FC7A55 /* UIImage+JKScaleVideoImage.m */,
			);
			path = JKDownLoader;
			sourceTree = "<group>";
		};
/* End PBXGroup section */

/* Begin PBXNativeTarget section */
		E2AF19A621F994A400FC7A55 /* JKDownLoader */ = {
			isa = PBXNativeTarget;
			buildConfigurationList = E2AF19D321F994A600FC7A55 /* Build configuration list for PBXNativeTarget "JKDownLoader" */;
			buildPhases = (
				E2AF19A321F994A400FC7A55 /* Sources */,
				E2AF19A421F994A400FC7A55 /* Frameworks */,
				E2AF19A521F994A400FC7A55 /* Resources */,
			);
			buildRules = (
			);
			dependencies = (
			);
			name = JKDownLoader;
			productName = JKDownLoader;
			productReference = E2AF19A721F994A400FC7A55 /* JKDownLoader.app */;
			productType = "com.apple.product-type.application";
		};
		E2AF19BE21F994A600FC7A55 /* JKDownLoaderTests */ = {
			isa = PBXNativeTarget;
			buildConfigurationList = E2AF19D621F994A600FC7A55 /* Build configuration list for PBXNativeTarget "JKDownLoaderTests" */;
			buildPhases = (
				E2AF19BB21F994A600FC7A55 /* Sources */,
				E2AF19BC21F994A600FC7A55 /* Frameworks */,
				E2AF19BD21F994A600FC7A55 /* Resources */,
			);
			buildRules = (
			);
			dependencies = (
				E2AF19C121F994A600FC7A55 /* PBXTargetDependency */,
			);
			name = JKDownLoaderTests;
			productName = JKDownLoaderTests;
			productReference = E2AF19BF21F994A600FC7A55 /* JKDownLoaderTests.xctest */;
			productType = "com.apple.product-type.bundle.unit-test";
		};
		E2AF19C921F994A600FC7A55 /* JKDownLoaderUITests */ = {
			isa = PBXNativeTarget;
			buildConfigurationList = E2AF19D921F994A600FC7A55 /* Build configuration list for PBXNativeTarget "JKDownLoaderUITests" */;
			buildPhases = (
				E2AF19C621F994A600FC7A55 /* Sources */,
				E2AF19C721F994A600FC7A55 /* Frameworks */,
				E2AF19C821F994A600FC7A55 /* Resources */,
			);
			buildRules = (
			);
			dependencies = (
				E2AF19CC21F994A600FC7A55 /* PBXTargetDependency */,
			);
			name = JKDownLoaderUITests;
			productName = JKDownLoaderUITests;
			productReference = E2AF19CA21F994A600FC7A55 /* JKDownLoaderUITests.xctest */;
			productType = "com.apple.product-type.bundle.ui-testing";
		};
/* End PBXNativeTarget section */

/* Begin PBXProject section */
		E2AF199F21F994A400FC7A55 /* Project object */ = {
			isa = PBXProject;
			attributes = {
				LastUpgradeCheck = 1000;
				ORGANIZATIONNAME = "JK科技有限公司";
				TargetAttributes = {
					E2AF19A621F994A400FC7A55 = {
						CreatedOnToolsVersion = 10.0;
					};
					E2AF19BE21F994A600FC7A55 = {
						CreatedOnToolsVersion = 10.0;
						TestTargetID = E2AF19A621F994A400FC7A55;
					};
					E2AF19C921F994A600FC7A55 = {
						CreatedOnToolsVersion = 10.0;
						TestTargetID = E2AF19A621F994A400FC7A55;
					};
				};
			};
			buildConfigurationList = E2AF19A221F994A400FC7A55 /* Build configuration list for PBXProject "JKDownLoader" */;
			compatibilityVersion = "Xcode 9.3";
			developmentRegion = en;
			hasScannedForEncodings = 0;
			knownRegions = (
				en,
				Base,
			);
			mainGroup = E2AF199E21F994A400FC7A55;
			productRefGroup = E2AF19A821F994A400FC7A55 /* Products */;
			projectDirPath = "";
			projectRoot = "";
			targets = (
				E2AF19A621F994A400FC7A55 /* JKDownLoader */,
				E2AF19BE21F994A600FC7A55 /* JKDownLoaderTests */,
				E2AF19C921F994A600FC7A55 /* JKDownLoaderUITests */,
			);
		};
/* End PBXProject section */

/* Begin PBXResourcesBuildPhase section */
		E2AF19A521F994A400FC7A55 /* Resources */ = {
			isa = PBXResourcesBuildPhase;
			buildActionMask = 2147483647;
			files = (
				E2AF19B721F994A600FC7A55 /* LaunchScreen.storyboard in Resources */,
				E2AF19B421F994A600FC7A55 /* Assets.xcassets in Resources */,
				E2AF19B221F994A400FC7A55 /* Main.storyboard in Resources */,
			);
			runOnlyForDeploymentPostprocessing = 0;
		};
		E2AF19BD21F994A600FC7A55 /* Resources */ = {
			isa = PBXResourcesBuildPhase;
			buildActionMask = 2147483647;
			files = (
			);
			runOnlyForDeploymentPostprocessing = 0;
		};
		E2AF19C821F994A600FC7A55 /* Resources */ = {
			isa = PBXResourcesBuildPhase;
			buildActionMask = 2147483647;
			files = (
			);
			runOnlyForDeploymentPostprocessing = 0;
		};
/* End PBXResourcesBuildPhase section */

/* Begin PBXSourcesBuildPhase section */
		E2AF19A321F994A400FC7A55 /* Sources */ = {
			isa = PBXSourcesBuildPhase;
			buildActionMask = 2147483647;
			files = (
				E2AF19F921F9950500FC7A55 /* JKFilePathOperationExtension.m in Sources */,
				E2AF19F721F9950500FC7A55 /* JKDownloadSingleViewController.m in Sources */,
				E2AF19BA21F994A600FC7A55 /* main.m in Sources */,
				E2AF19F421F9950500FC7A55 /* JKDownloadFileListViewController.m in Sources */,
				E2AF19F821F9950500FC7A55 /* JKFilePathExtension.m in Sources */,
				E2AF19FD21F9950500FC7A55 /* Foundation+Log.m in Sources */,
				E2AF19FE21F9950500FC7A55 /* ViewController.m in Sources */,
				E2AF19FA21F9950500FC7A55 /* JKDownloaderManger.m in Sources */,
				E2AF19F621F9950500FC7A55 /* JKDownloadMuchViewController.m in Sources */,
				E2AF19FC21F9950500FC7A55 /* UIImage+JKScaleVideoImage.m in Sources */,
				E2AF19F521F9950500FC7A55 /* AppDelegate.m in Sources */,
				E2AF1A0121F995C000FC7A55 /* JKVideoListsViewController.m in Sources */,
				E2AF19FB21F9950500FC7A55 /* JKDownLoader.m in Sources */,
			);
			runOnlyForDeploymentPostprocessing = 0;
		};
		E2AF19BB21F994A600FC7A55 /* Sources */ = {
			isa = PBXSourcesBuildPhase;
			buildActionMask = 2147483647;
			files = (
				E2AF19C421F994A600FC7A55 /* JKDownLoaderTests.m in Sources */,
			);
			runOnlyForDeploymentPostprocessing = 0;
		};
		E2AF19C621F994A600FC7A55 /* Sources */ = {
			isa = PBXSourcesBuildPhase;
			buildActionMask = 2147483647;
			files = (
				E2AF19CF21F994A600FC7A55 /* JKDownLoaderUITests.m in Sources */,
			);
			runOnlyForDeploymentPostprocessing = 0;
		};
/* End PBXSourcesBuildPhase section */

/* Begin PBXTargetDependency section */
		E2AF19C121F994A600FC7A55 /* PBXTargetDependency */ = {
			isa = PBXTargetDependency;
			target = E2AF19A621F994A400FC7A55 /* JKDownLoader */;
			targetProxy = E2AF19C021F994A600FC7A55 /* PBXContainerItemProxy */;
		};
		E2AF19CC21F994A600FC7A55 /* PBXTargetDependency */ = {
			isa = PBXTargetDependency;
			target = E2AF19A621F994A400FC7A55 /* JKDownLoader */;
			targetProxy = E2AF19CB21F994A600FC7A55 /* PBXContainerItemProxy */;
		};
/* End PBXTargetDependency section */

/* Begin PBXVariantGroup section */
		E2AF19B021F994A400FC7A55 /* Main.storyboard */ = {
			isa = PBXVariantGroup;
			children = (
				E2AF19B121F994A400FC7A55 /* Base */,
			);
			name = Main.storyboard;
			sourceTree = "<group>";
		};
		E2AF19B521F994A600FC7A55 /* LaunchScreen.storyboard */ = {
			isa = PBXVariantGroup;
			children = (
				E2AF19B621F994A600FC7A55 /* Base */,
			);
			name = LaunchScreen.storyboard;
			sourceTree = "<group>";
		};
/* End PBXVariantGroup section */

/* Begin XCBuildConfiguration section */
		E2AF19D121F994A600FC7A55 /* Debug */ = {
			isa = XCBuildConfiguration;
			buildSettings = {
				ALWAYS_SEARCH_USER_PATHS = NO;
				CLANG_ANALYZER_NONNULL = YES;
				CLANG_ANALYZER_NUMBER_OBJECT_CONVERSION = YES_AGGRESSIVE;
				CLANG_CXX_LANGUAGE_STANDARD = "gnu++14";
				CLANG_CXX_LIBRARY = "libc++";
				CLANG_ENABLE_MODULES = YES;
				CLANG_ENABLE_OBJC_ARC = YES;
				CLANG_ENABLE_OBJC_WEAK = YES;
				CLANG_WARN_BLOCK_CAPTURE_AUTORELEASING = YES;
				CLANG_WARN_BOOL_CONVERSION = YES;
				CLANG_WARN_COMMA = YES;
				CLANG_WARN_CONSTANT_CONVERSION = YES;
				CLANG_WARN_DEPRECATED_OBJC_IMPLEMENTATIONS = YES;
				CLANG_WARN_DIRECT_OBJC_ISA_USAGE = YES_ERROR;
				CLANG_WARN_DOCUMENTATION_COMMENTS = YES;
				CLANG_WARN_EMPTY_BODY = YES;
				CLANG_WARN_ENUM_CONVERSION = YES;
				CLANG_WARN_INFINITE_RECURSION = YES;
				CLANG_WARN_INT_CONVERSION = YES;
				CLANG_WARN_NON_LITERAL_NULL_CONVERSION = YES;
				CLANG_WARN_OBJC_IMPLICIT_RETAIN_SELF = YES;
				CLANG_WARN_OBJC_LITERAL_CONVERSION = YES;
				CLANG_WARN_OBJC_ROOT_CLASS = YES_ERROR;
				CLANG_WARN_RANGE_LOOP_ANALYSIS = YES;
				CLANG_WARN_STRICT_PROTOTYPES = YES;
				CLANG_WARN_SUSPICIOUS_MOVE = YES;
				CLANG_WARN_UNGUARDED_AVAILABILITY = YES_AGGRESSIVE;
				CLANG_WARN_UNREACHABLE_CODE = YES;
				CLANG_WARN__DUPLICATE_METHOD_MATCH = YES;
				CODE_SIGN_IDENTITY = "iPhone Developer";
				COPY_PHASE_STRIP = NO;
				DEBUG_INFORMATION_FORMAT = dwarf;
				ENABLE_STRICT_OBJC_MSGSEND = YES;
				ENABLE_TESTABILITY = YES;
				GCC_C_LANGUAGE_STANDARD = gnu11;
				GCC_DYNAMIC_NO_PIC = NO;
				GCC_NO_COMMON_BLOCKS = YES;
				GCC_OPTIMIZATION_LEVEL = 0;
				GCC_PREPROCESSOR_DEFINITIONS = (
					"DEBUG=1",
					"$(inherited)",
				);
				GCC_WARN_64_TO_32_BIT_CONVERSION = YES;
				GCC_WARN_ABOUT_RETURN_TYPE = YES_ERROR;
				GCC_WARN_UNDECLARED_SELECTOR = YES;
				GCC_WARN_UNINITIALIZED_AUTOS = YES_AGGRESSIVE;
				GCC_WARN_UNUSED_FUNCTION = YES;
				GCC_WARN_UNUSED_VARIABLE = YES;
				IPHONEOS_DEPLOYMENT_TARGET = 12.0;
				MTL_ENABLE_DEBUG_INFO = INCLUDE_SOURCE;
				MTL_FAST_MATH = YES;
				ONLY_ACTIVE_ARCH = YES;
				SDKROOT = iphoneos;
			};
			name = Debug;
		};
		E2AF19D221F994A600FC7A55 /* Release */ = {
			isa = XCBuildConfiguration;
			buildSettings = {
				ALWAYS_SEARCH_USER_PATHS = NO;
				CLANG_ANALYZER_NONNULL = YES;
				CLANG_ANALYZER_NUMBER_OBJECT_CONVERSION = YES_AGGRESSIVE;
				CLANG_CXX_LANGUAGE_STANDARD = "gnu++14";
				CLANG_CXX_LIBRARY = "libc++";
				CLANG_ENABLE_MODULES = YES;
				CLANG_ENABLE_OBJC_ARC = YES;
				CLANG_ENABLE_OBJC_WEAK = YES;
				CLANG_WARN_BLOCK_CAPTURE_AUTORELEASING = YES;
				CLANG_WARN_BOOL_CONVERSION = YES;
				CLANG_WARN_COMMA = YES;
				CLANG_WARN_CONSTANT_CONVERSION = YES;
				CLANG_WARN_DEPRECATED_OBJC_IMPLEMENTATIONS = YES;
				CLANG_WARN_DIRECT_OBJC_ISA_USAGE = YES_ERROR;
				CLANG_WARN_DOCUMENTATION_COMMENTS = YES;
				CLANG_WARN_EMPTY_BODY = YES;
				CLANG_WARN_ENUM_CONVERSION = YES;
				CLANG_WARN_INFINITE_RECURSION = YES;
				CLANG_WARN_INT_CONVERSION = YES;
				CLANG_WARN_NON_LITERAL_NULL_CONVERSION = YES;
				CLANG_WARN_OBJC_IMPLICIT_RETAIN_SELF = YES;
				CLANG_WARN_OBJC_LITERAL_CONVERSION = YES;
				CLANG_WARN_OBJC_ROOT_CLASS = YES_ERROR;
				CLANG_WARN_RANGE_LOOP_ANALYSIS = YES;
				CLANG_WARN_STRICT_PROTOTYPES = YES;
				CLANG_WARN_SUSPICIOUS_MOVE = YES;
				CLANG_WARN_UNGUARDED_AVAILABILITY = YES_AGGRESSIVE;
				CLANG_WARN_UNREACHABLE_CODE = YES;
				CLANG_WARN__DUPLICATE_METHOD_MATCH = YES;
				CODE_SIGN_IDENTITY = "iPhone Developer";
				COPY_PHASE_STRIP = NO;
				DEBUG_INFORMATION_FORMAT = "dwarf-with-dsym";
				ENABLE_NS_ASSERTIONS = NO;
				ENABLE_STRICT_OBJC_MSGSEND = YES;
				GCC_C_LANGUAGE_STANDARD = gnu11;
				GCC_NO_COMMON_BLOCKS = YES;
				GCC_WARN_64_TO_32_BIT_CONVERSION = YES;
				GCC_WARN_ABOUT_RETURN_TYPE = YES_ERROR;
				GCC_WARN_UNDECLARED_SELECTOR = YES;
				GCC_WARN_UNINITIALIZED_AUTOS = YES_AGGRESSIVE;
				GCC_WARN_UNUSED_FUNCTION = YES;
				GCC_WARN_UNUSED_VARIABLE = YES;
				IPHONEOS_DEPLOYMENT_TARGET = 12.0;
				MTL_ENABLE_DEBUG_INFO = NO;
				MTL_FAST_MATH = YES;
				SDKROOT = iphoneos;
				VALIDATE_PRODUCT = YES;
			};
			name = Release;
		};
		E2AF19D421F994A600FC7A55 /* Debug */ = {
			isa = XCBuildConfiguration;
			buildSettings = {
				ASSETCATALOG_COMPILER_APPICON_NAME = AppIcon;
				CODE_SIGN_STYLE = Automatic;
				DEVELOPMENT_TEAM = 75LW4CAG6Y;
				INFOPLIST_FILE = JKDownLoader/Info.plist;
				LD_RUNPATH_SEARCH_PATHS = (
					"$(inherited)",
					"@executable_path/Frameworks",
				);
				PRODUCT_BUNDLE_IDENTIFIER = com.xiaoou.joanking.JKDownLoader;
				PRODUCT_NAME = "$(TARGET_NAME)";
				TARGETED_DEVICE_FAMILY = "1,2";
			};
			name = Debug;
		};
		E2AF19D521F994A600FC7A55 /* Release */ = {
			isa = XCBuildConfiguration;
			buildSettings = {
				ASSETCATALOG_COMPILER_APPICON_NAME = AppIcon;
				CODE_SIGN_STYLE = Automatic;
				DEVELOPMENT_TEAM = 75LW4CAG6Y;
				INFOPLIST_FILE = JKDownLoader/Info.plist;
				LD_RUNPATH_SEARCH_PATHS = (
					"$(inherited)",
					"@executable_path/Frameworks",
				);
				PRODUCT_BUNDLE_IDENTIFIER = com.xiaoou.joanking.JKDownLoader;
				PRODUCT_NAME = "$(TARGET_NAME)";
				TARGETED_DEVICE_FAMILY = "1,2";
			};
			name = Release;
		};
		E2AF19D721F994A600FC7A55 /* Debug */ = {
			isa = XCBuildConfiguration;
			buildSettings = {
				BUNDLE_LOADER = "$(TEST_HOST)";
				CODE_SIGN_STYLE = Automatic;
				DEVELOPMENT_TEAM = 75LW4CAG6Y;
				INFOPLIST_FILE = JKDownLoaderTests/Info.plist;
				LD_RUNPATH_SEARCH_PATHS = (
					"$(inherited)",
					"@executable_path/Frameworks",
					"@loader_path/Frameworks",
				);
				PRODUCT_BUNDLE_IDENTIFIER = com.xiaoou.joanking.JKDownLoaderTests;
				PRODUCT_NAME = "$(TARGET_NAME)";
				TARGETED_DEVICE_FAMILY = "1,2";
				TEST_HOST = "$(BUILT_PRODUCTS_DIR)/JKDownLoader.app/JKDownLoader";
			};
			name = Debug;
		};
		E2AF19D821F994A600FC7A55 /* Release */ = {
			isa = XCBuildConfiguration;
			buildSettings = {
				BUNDLE_LOADER = "$(TEST_HOST)";
				CODE_SIGN_STYLE = Automatic;
				DEVELOPMENT_TEAM = 75LW4CAG6Y;
				INFOPLIST_FILE = JKDownLoaderTests/Info.plist;
				LD_RUNPATH_SEARCH_PATHS = (
					"$(inherited)",
					"@executable_path/Frameworks",
					"@loader_path/Frameworks",
				);
				PRODUCT_BUNDLE_IDENTIFIER = com.xiaoou.joanking.JKDownLoaderTests;
				PRODUCT_NAME = "$(TARGET_NAME)";
				TARGETED_DEVICE_FAMILY = "1,2";
				TEST_HOST = "$(BUILT_PRODUCTS_DIR)/JKDownLoader.app/JKDownLoader";
			};
			name = Release;
		};
		E2AF19DA21F994A600FC7A55 /* Debug */ = {
			isa = XCBuildConfiguration;
			buildSettings = {
				CODE_SIGN_STYLE = Automatic;
				DEVELOPMENT_TEAM = 75LW4CAG6Y;
				INFOPLIST_FILE = JKDownLoaderUITests/Info.plist;
				LD_RUNPATH_SEARCH_PATHS = (
					"$(inherited)",
					"@executable_path/Frameworks",
					"@loader_path/Frameworks",
				);
				PRODUCT_BUNDLE_IDENTIFIER = com.xiaoou.joanking.JKDownLoaderUITests;
				PRODUCT_NAME = "$(TARGET_NAME)";
				TARGETED_DEVICE_FAMILY = "1,2";
				TEST_TARGET_NAME = JKDownLoader;
			};
			name = Debug;
		};
		E2AF19DB21F994A600FC7A55 /* Release */ = {
			isa = XCBuildConfiguration;
			buildSettings = {
				CODE_SIGN_STYLE = Automatic;
				DEVELOPMENT_TEAM = 75LW4CAG6Y;
				INFOPLIST_FILE = JKDownLoaderUITests/Info.plist;
				LD_RUNPATH_SEARCH_PATHS = (
					"$(inherited)",
					"@executable_path/Frameworks",
					"@loader_path/Frameworks",
				);
				PRODUCT_BUNDLE_IDENTIFIER = com.xiaoou.joanking.JKDownLoaderUITests;
				PRODUCT_NAME = "$(TARGET_NAME)";
				TARGETED_DEVICE_FAMILY = "1,2";
				TEST_TARGET_NAME = JKDownLoader;
			};
			name = Release;
		};
/* End XCBuildConfiguration section */

/* Begin XCConfigurationList section */
		E2AF19A221F994A400FC7A55 /* Build configuration list for PBXProject "JKDownLoader" */ = {
			isa = XCConfigurationList;
			buildConfigurations = (
				E2AF19D121F994A600FC7A55 /* Debug */,
				E2AF19D221F994A600FC7A55 /* Release */,
			);
			defaultConfigurationIsVisible = 0;
			defaultConfigurationName = Release;
		};
		E2AF19D321F994A600FC7A55 /* Build configuration list for PBXNativeTarget "JKDownLoader" */ = {
			isa = XCConfigurationList;
			buildConfigurations = (
				E2AF19D421F994A600FC7A55 /* Debug */,
				E2AF19D521F994A600FC7A55 /* Release */,
			);
			defaultConfigurationIsVisible = 0;
			defaultConfigurationName = Release;
		};
		E2AF19D621F994A600FC7A55 /* Build configuration list for PBXNativeTarget "JKDownLoaderTests" */ = {
			isa = XCConfigurationList;
			buildConfigurations = (
				E2AF19D721F994A600FC7A55 /* Debug */,
				E2AF19D821F994A600FC7A55 /* Release */,
			);
			defaultConfigurationIsVisible = 0;
			defaultConfigurationName = Release;
		};
		E2AF19D921F994A600FC7A55 /* Build configuration list for PBXNativeTarget "JKDownLoaderUITests" */ = {
			isa = XCConfigurationList;
			buildConfigurations = (
				E2AF19DA21F994A600FC7A55 /* Debug */,
				E2AF19DB21F994A600FC7A55 /* Release */,
			);
			defaultConfigurationIsVisible = 0;
			defaultConfigurationName = Release;
		};
/* End XCConfigurationList section */
	};
	rootObject = E2AF199F21F994A400FC7A55 /* Project object */;
}
